Microsoft Visual Studio Solution File, Format Version 12.00
# Visual Studio Version 17
VisualStudioVersion = 17.13.35931.197
MinimumVisualStudioVersion = 10.0.40219.1
Project("{FAE04EC0-301F-11D3-BF4B-00C04F79EFBC}") = "InlanderHotel", "InlanderHotel\InlanderHotel.csproj", "{DBF001B6-E1DF-4387-BA06-42D7C7682EF5}"
EndProject
Global
	GlobalSection(SolutionConfigurationPlatforms) = preSolution
		Debug|Any CPU = Debug|Any CPU
		Release|Any CPU = Release|Any CPU
	EndGlobalSection
	GlobalSection(ProjectConfigurationPlatforms) = postSolution
		{DBF001B6-E1DF-4387-BA06-42D7C7682EF5}.Debug|Any CPU.ActiveCfg = Debug|Any CPU
		{DBF001B6-E1DF-4387-BA06-42D7C7682EF5}.Debug|Any CPU.Build.0 = Debug|Any CPU
		{DBF001B6-E1DF-4387-BA06-42D7C7682EF5}.Release|Any CPU.ActiveCfg = Release|Any CPU
		{DBF001B6-E1DF-4387-BA06-42D7C7682EF5}.Release|Any CPU.Build.0 = Release|Any CPU
	EndGlobalSection
	GlobalSection(SolutionProperties) = preSolution
		HideSolutionNode = FALSE
	EndGlobalSection
	GlobalSection(ExtensibilityGlobals) = postSolution
		SolutionGuid = {630F518B-C8F7-4F93-9E93-B03856BA7E09}
	EndGlobalSection
EndGlobal
